// !$*UTF8*$!
{
	archiveVersion = 1;
	classes = {
	};
	objectVersion = 46;
	objects = {

/* Begin PBXBuildFile section */
		19AE7F22E31D346C144DE205 /* libPods-GlucoCounter.a in Frameworks */ = {isa = PBXBuildFile; fileRef = 2EE3A8D1FA2CC70F23746895 /* libPods-GlucoCounter.a */; };
		2F2CE6B720D4F8FA009C8642 /* UITextField+Extensions.swift in Sources */ = {isa = PBXBuildFile; fileRef = 2F2CE6B620D4F8FA009C8642 /* UITextField+Extensions.swift */; };
		2F3AD66A1FC36A6B00334C3B /* ItemTableViewCell.swift in Sources */ = {isa = PBXBuildFile; fileRef = 2F3AD6691FC36A6B00334C3B /* ItemTableViewCell.swift */; };
		2F3AD66C1FC3760E00334C3B /* AddFoodView.swift in Sources */ = {isa = PBXBuildFile; fileRef = 2F3AD66B1FC3760E00334C3B /* AddFoodView.swift */; };
		2F52BE4D1FC37A920072A7CA /* AddFoodViewController.swift in Sources */ = {isa = PBXBuildFile; fileRef = 2F52BE4C1FC37A920072A7CA /* AddFoodViewController.swift */; };
		2F84D7451F5C42070006475C /* AppDelegate.swift in Sources */ = {isa = PBXBuildFile; fileRef = 2F84D7441F5C42070006475C /* AppDelegate.swift */; };
		2F84D7471F5C42070006475C /* CurrentMenuViewController.swift in Sources */ = {isa = PBXBuildFile; fileRef = 2F84D7461F5C42070006475C /* CurrentMenuViewController.swift */; };
		2F84D74A1F5C42070006475C /* Main.storyboard in Resources */ = {isa = PBXBuildFile; fileRef = 2F84D7481F5C42070006475C /* Main.storyboard */; };
		2F84D74F1F5C42070006475C /* Assets.xcassets in Resources */ = {isa = PBXBuildFile; fileRef = 2F84D74E1F5C42070006475C /* Assets.xcassets */; };
		2F84D7521F5C42070006475C /* LaunchScreen.storyboard in Resources */ = {isa = PBXBuildFile; fileRef = 2F84D7501F5C42070006475C /* LaunchScreen.storyboard */; };
		8F02694E2114757800B7FD65 /* ListePlat2017.csv in Resources */ = {isa = PBXBuildFile; fileRef = 8F02694D2114757800B7FD65 /* ListePlat2017.csv */; };
		8F39E74521285A5B003802C1 /* ResultDiabetValues.swift in Sources */ = {isa = PBXBuildFile; fileRef = 8F39E74421285A5B003802C1 /* ResultDiabetValues.swift */; };
		8F39E74721288CBC003802C1 /* FavoritesMenusViewController.swift in Sources */ = {isa = PBXBuildFile; fileRef = 8F39E74621288CBC003802C1 /* FavoritesMenusViewController.swift */; };
		8F39E749212896BA003802C1 /* AddListToFavoriteViewController.swift in Sources */ = {isa = PBXBuildFile; fileRef = 8F39E748212896BA003802C1 /* AddListToFavoriteViewController.swift */; };
		8FAF89F421750660005B1D05 /* GlucoCounter.xcdatamodeld in Sources */ = {isa = PBXBuildFile; fileRef = 8FAF89F221750660005B1D05 /* GlucoCounter.xcdatamodeld */; };
		8FC81F0521219B4F00D6ACFB /* ListManager.swift in Sources */ = {isa = PBXBuildFile; fileRef = 8FC81F0421219B4F00D6ACFB /* ListManager.swift */; };
		8FE06B79215C053000E56675 /* FoodItemMO+CoreDataClass.swift in Sources */ = {isa = PBXBuildFile; fileRef = 8FE06B77215C053000E56675 /* FoodItemMO+CoreDataClass.swift */; };
		8FE06B7A215C053000E56675 /* FoodItemMO+CoreDataProperties.swift in Sources */ = {isa = PBXBuildFile; fileRef = 8FE06B78215C053000E56675 /* FoodItemMO+CoreDataProperties.swift */; };
		8FE06B7D215C054200E56675 /* FoodListMO+CoreDataClass.swift in Sources */ = {isa = PBXBuildFile; fileRef = 8FE06B7B215C054200E56675 /* FoodListMO+CoreDataClass.swift */; };
		8FE06B7E215C054200E56675 /* FoodListMO+CoreDataProperties.swift in Sources */ = {isa = PBXBuildFile; fileRef = 8FE06B7C215C054200E56675 /* FoodListMO+CoreDataProperties.swift */; };
		8FFFA6152118D341002C077D /* DBManager.swift in Sources */ = {isa = PBXBuildFile; fileRef = 8FFFA6142118D341002C077D /* DBManager.swift */; };
		8FFFA6172118E353002C077D /* ACManager.swift in Sources */ = {isa = PBXBuildFile; fileRef = 8FFFA6162118E353002C077D /* ACManager.swift */; };
/* End PBXBuildFile section */

/* Begin PBXFileReference section */
		117031E52DEA4405A1E9C7EF /* Pods-GlucoCounter.debug.xcconfig */ = {isa = PBXFileReference; includeInIndex = 1; lastKnownFileType = text.xcconfig; name = "Pods-GlucoCounter.debug.xcconfig"; path = "Pods/Target Support Files/Pods-GlucoCounter/Pods-GlucoCounter.debug.xcconfig"; sourceTree = "<group>"; };
		2EE3A8D1FA2CC70F23746895 /* libPods-GlucoCounter.a */ = {isa = PBXFileReference; explicitFileType = archive.ar; includeInIndex = 0; path = "libPods-GlucoCounter.a"; sourceTree = BUILT_PRODUCTS_DIR; };
		2F2CE6B620D4F8FA009C8642 /* UITextField+Extensions.swift */ = {isa = PBXFileReference; lastKnownFileType = sourcecode.swift; path = "UITextField+Extensions.swift"; sourceTree = "<group>"; };
		2F3AD6691FC36A6B00334C3B /* ItemTableViewCell.swift */ = {isa = PBXFileReference; fileEncoding = 4; lastKnownFileType = sourcecode.swift; path = ItemTableViewCell.swift; sourceTree = "<group>"; };
		2F3AD66B1FC3760E00334C3B /* AddFoodView.swift */ = {isa = PBXFileReference; fileEncoding = 4; lastKnownFileType = sourcecode.swift; path = AddFoodView.swift; sourceTree = "<group>"; };
		2F52BE4C1FC37A920072A7CA /* AddFoodViewController.swift */ = {isa = PBXFileReference; fileEncoding = 4; lastKnownFileType = sourcecode.swift; path = AddFoodViewController.swift; sourceTree = "<group>"; };
		2F84D7411F5C42070006475C /* GlucoCounter.app */ = {isa = PBXFileReference; explicitFileType = wrapper.application; includeInIndex = 0; path = GlucoCounter.app; sourceTree = BUILT_PRODUCTS_DIR; };
		2F84D7441F5C42070006475C /* AppDelegate.swift */ = {isa = PBXFileReference; lastKnownFileType = sourcecode.swift; path = AppDelegate.swift; sourceTree = "<group>"; };
		2F84D7461F5C42070006475C /* CurrentMenuViewController.swift */ = {isa = PBXFileReference; lastKnownFileType = sourcecode.swift; path = CurrentMenuViewController.swift; sourceTree = "<group>"; };
		2F84D7491F5C42070006475C /* Base */ = {isa = PBXFileReference; lastKnownFileType = file.storyboard; name = Base; path = Base.lproj/Main.storyboard; sourceTree = "<group>"; };
		2F84D74E1F5C42070006475C /* Assets.xcassets */ = {isa = PBXFileReference; lastKnownFileType = folder.assetcatalog; path = Assets.xcassets; sourceTree = "<group>"; };
		2F84D7511F5C42070006475C /* Base */ = {isa = PBXFileReference; lastKnownFileType = file.storyboard; name = Base; path = Base.lproj/LaunchScreen.storyboard; sourceTree = "<group>"; };
		2F84D7531F5C42070006475C /* Info.plist */ = {isa = PBXFileReference; lastKnownFileType = text.plist.xml; path = Info.plist; sourceTree = "<group>"; };
		7ABDFB5CBB61918AC95B60C9 /* Pods-GlucoCounter.release.xcconfig */ = {isa = PBXFileReference; includeInIndex = 1; lastKnownFileType = text.xcconfig; name = "Pods-GlucoCounter.release.xcconfig"; path = "Pods/Target Support Files/Pods-GlucoCounter/Pods-GlucoCounter.release.xcconfig"; sourceTree = "<group>"; };
		8F02694D2114757800B7FD65 /* ListePlat2017.csv */ = {isa = PBXFileReference; fileEncoding = 4; lastKnownFileType = text; path = ListePlat2017.csv; sourceTree = "<group>"; };
		8F39E74421285A5B003802C1 /* ResultDiabetValues.swift */ = {isa = PBXFileReference; lastKnownFileType = sourcecode.swift; path = ResultDiabetValues.swift; sourceTree = "<group>"; };
		8F39E74621288CBC003802C1 /* FavoritesMenusViewController.swift */ = {isa = PBXFileReference; lastKnownFileType = sourcecode.swift; path = FavoritesMenusViewController.swift; sourceTree = "<group>"; };
		8F39E748212896BA003802C1 /* AddListToFavoriteViewController.swift */ = {isa = PBXFileReference; lastKnownFileType = sourcecode.swift; path = AddListToFavoriteViewController.swift; sourceTree = "<group>"; };
		8FAF89F321750660005B1D05 /* GlucoCounter.xcdatamodel */ = {isa = PBXFileReference; lastKnownFileType = wrapper.xcdatamodel; path = GlucoCounter.xcdatamodel; sourceTree = "<group>"; };
		8FC81F0421219B4F00D6ACFB /* ListManager.swift */ = {isa = PBXFileReference; lastKnownFileType = sourcecode.swift; path = ListManager.swift; sourceTree = "<group>"; };
		8FE06B77215C053000E56675 /* FoodItemMO+CoreDataClass.swift */ = {isa = PBXFileReference; lastKnownFileType = sourcecode.swift; path = "FoodItemMO+CoreDataClass.swift"; sourceTree = "<group>"; };
		8FE06B78215C053000E56675 /* FoodItemMO+CoreDataProperties.swift */ = {isa = PBXFileReference; lastKnownFileType = sourcecode.swift; path = "FoodItemMO+CoreDataProperties.swift"; sourceTree = "<group>"; };
		8FE06B7B215C054200E56675 /* FoodListMO+CoreDataClass.swift */ = {isa = PBXFileReference; lastKnownFileType = sourcecode.swift; path = "FoodListMO+CoreDataClass.swift"; sourceTree = "<group>"; };
		8FE06B7C215C054200E56675 /* FoodListMO+CoreDataProperties.swift */ = {isa = PBXFileReference; lastKnownFileType = sourcecode.swift; path = "FoodListMO+CoreDataProperties.swift"; sourceTree = "<group>"; };
		8FFFA6142118D341002C077D /* DBManager.swift */ = {isa = PBXFileReference; lastKnownFileType = sourcecode.swift; path = DBManager.swift; sourceTree = "<group>"; };
		8FFFA6162118E353002C077D /* ACManager.swift */ = {isa = PBXFileReference; lastKnownFileType = sourcecode.swift; path = ACManager.swift; sourceTree = "<group>"; };
/* End PBXFileReference section */

/* Begin PBXFrameworksBuildPhase section */
		2F84D73E1F5C42070006475C /* Frameworks */ = {
			isa = PBXFrameworksBuildPhase;
			buildActionMask = 2147483647;
			files = (
				19AE7F22E31D346C144DE205 /* libPods-GlucoCounter.a in Frameworks */,
			);
			runOnlyForDeploymentPostprocessing = 0;
		};
/* End PBXFrameworksBuildPhase section */

/* Begin PBXGroup section */
		2E3F60FAD57FCE51F0B4E691 /* Pods */ = {
			isa = PBXGroup;
			children = (
				117031E52DEA4405A1E9C7EF /* Pods-GlucoCounter.debug.xcconfig */,
				7ABDFB5CBB61918AC95B60C9 /* Pods-GlucoCounter.release.xcconfig */,
			);
			name = Pods;
			sourceTree = "<group>";
		};
		2F2CE6B520D4F872009C8642 /* Extensions */ = {
			isa = PBXGroup;
			children = (
				2F2CE6B620D4F8FA009C8642 /* UITextField+Extensions.swift */,
			);
			path = Extensions;
			sourceTree = "<group>";
		};
		2F84D7381F5C42070006475C = {
			isa = PBXGroup;
			children = (
				8FAF89F221750660005B1D05 /* GlucoCounter.xcdatamodeld */,
				8F02694C2114754B00B7FD65 /* Ressources */,
				2F84D7431F5C42070006475C /* GlucoCounter */,
				2F84D7421F5C42070006475C /* Products */,
				2E3F60FAD57FCE51F0B4E691 /* Pods */,
				569E57487F65EE3F2AFAA62F /* Frameworks */,
			);
			sourceTree = "<group>";
		};
		2F84D7421F5C42070006475C /* Products */ = {
			isa = PBXGroup;
			children = (
				2F84D7411F5C42070006475C /* GlucoCounter.app */,
			);
			name = Products;
			sourceTree = "<group>";
		};
		2F84D7431F5C42070006475C /* GlucoCounter */ = {
			isa = PBXGroup;
			children = (
				8FF7E2DB211DAD84003E819D /* Controllers */,
				8FF7E2DA211DAD58003E819D /* Views */,
				8FFFA6132118CCC8002C077D /* Tools */,
				8FFFA6122118CC7B002C077D /* Object */,
				2F2CE6B520D4F872009C8642 /* Extensions */,
				2F84D7441F5C42070006475C /* AppDelegate.swift */,
				2F84D74E1F5C42070006475C /* Assets.xcassets */,
				2F84D7531F5C42070006475C /* Info.plist */,
			);
			path = GlucoCounter;
			sourceTree = "<group>";
		};
		569E57487F65EE3F2AFAA62F /* Frameworks */ = {
			isa = PBXGroup;
			children = (
				2EE3A8D1FA2CC70F23746895 /* libPods-GlucoCounter.a */,
			);
			name = Frameworks;
			sourceTree = "<group>";
		};
		8F02694C2114754B00B7FD65 /* Ressources */ = {
			isa = PBXGroup;
			children = (
				8F02694D2114757800B7FD65 /* ListePlat2017.csv */,
			);
			path = Ressources;
			sourceTree = "<group>";
		};
		8FF7E2DA211DAD58003E819D /* Views */ = {
			isa = PBXGroup;
			children = (
				2F84D7501F5C42070006475C /* LaunchScreen.storyboard */,
				2F84D7481F5C42070006475C /* Main.storyboard */,
				2F3AD6691FC36A6B00334C3B /* ItemTableViewCell.swift */,
				2F3AD66B1FC3760E00334C3B /* AddFoodView.swift */,
			);
			path = Views;
			sourceTree = "<group>";
		};
		8FF7E2DB211DAD84003E819D /* Controllers */ = {
			isa = PBXGroup;
			children = (
				2F52BE4C1FC37A920072A7CA /* AddFoodViewController.swift */,
				2F84D7461F5C42070006475C /* CurrentMenuViewController.swift */,
				8F39E74621288CBC003802C1 /* FavoritesMenusViewController.swift */,
				8F39E748212896BA003802C1 /* AddListToFavoriteViewController.swift */,
			);
			path = Controllers;
			sourceTree = "<group>";
		};
		8FFFA6122118CC7B002C077D /* Object */ = {
			isa = PBXGroup;
			children = (
				8FE06B7B215C054200E56675 /* FoodListMO+CoreDataClass.swift */,
				8FE06B7C215C054200E56675 /* FoodListMO+CoreDataProperties.swift */,
				8FE06B77215C053000E56675 /* FoodItemMO+CoreDataClass.swift */,
				8FE06B78215C053000E56675 /* FoodItemMO+CoreDataProperties.swift */,
				8F39E74421285A5B003802C1 /* ResultDiabetValues.swift */,
			);
			path = Object;
			sourceTree = "<group>";
		};
		8FFFA6132118CCC8002C077D /* Tools */ = {
			isa = PBXGroup;
			children = (
				8FFFA6142118D341002C077D /* DBManager.swift */,
				8FFFA6162118E353002C077D /* ACManager.swift */,
				8FC81F0421219B4F00D6ACFB /* ListManager.swift */,
			);
			path = Tools;
			sourceTree = "<group>";
		};
/* End PBXGroup section */

/* Begin PBXNativeTarget section */
		2F84D7401F5C42070006475C /* GlucoCounter */ = {
			isa = PBXNativeTarget;
			buildConfigurationList = 2F84D7611F5C42070006475C /* Build configuration list for PBXNativeTarget "GlucoCounter" */;
			buildPhases = (
				D19F717151359B67840EB010 /* [CP] Check Pods Manifest.lock */,
				2F84D73D1F5C42070006475C /* Sources */,
				2F84D73E1F5C42070006475C /* Frameworks */,
				2F84D73F1F5C42070006475C /* Resources */,
			);
			buildRules = (
			);
			dependencies = (
			);
			name = GlucoCounter;
			productName = GlucoCounter;
			productReference = 2F84D7411F5C42070006475C /* GlucoCounter.app */;
			productType = "com.apple.product-type.application";
		};
/* End PBXNativeTarget section */

/* Begin PBXProject section */
		2F84D7391F5C42070006475C /* Project object */ = {
			isa = PBXProject;
			attributes = {
				LastSwiftUpdateCheck = 0810;
				LastUpgradeCheck = 0940;
				ORGANIZATIONNAME = DiabHelp;
				TargetAttributes = {
					2F84D7401F5C42070006475C = {
						CreatedOnToolsVersion = 8.1;
						DevelopmentTeam = D8H2B6F94P;
						ProvisioningStyle = Automatic;
					};
				};
			};
			buildConfigurationList = 2F84D73C1F5C42070006475C /* Build configuration list for PBXProject "GlucoCounter" */;
			compatibilityVersion = "Xcode 3.2";
			developmentRegion = English;
			hasScannedForEncodings = 0;
			knownRegions = (
				en,
				Base,
			);
			mainGroup = 2F84D7381F5C42070006475C;
			productRefGroup = 2F84D7421F5C42070006475C /* Products */;
			projectDirPath = "";
			projectRoot = "";
			targets = (
				2F84D7401F5C42070006475C /* GlucoCounter */,
			);
		};
/* End PBXProject section */

/* Begin PBXResourcesBuildPhase section */
		2F84D73F1F5C42070006475C /* Resources */ = {
			isa = PBXResourcesBuildPhase;
			buildActionMask = 2147483647;
			files = (
				2F84D7521F5C42070006475C /* LaunchScreen.storyboard in Resources */,
				2F84D74F1F5C42070006475C /* Assets.xcassets in Resources */,
				2F84D74A1F5C42070006475C /* Main.storyboard in Resources */,
				8F02694E2114757800B7FD65 /* ListePlat2017.csv in Resources */,
			);
			runOnlyForDeploymentPostprocessing = 0;
		};
/* End PBXResourcesBuildPhase section */

/* Begin PBXShellScriptBuildPhase section */
		D19F717151359B67840EB010 /* [CP] Check Pods Manifest.lock */ = {
			isa = PBXShellScriptBuildPhase;
			buildActionMask = 2147483647;
			files = (
			);
			inputPaths = (
				"${PODS_PODFILE_DIR_PATH}/Podfile.lock",
				"${PODS_ROOT}/Manifest.lock",
			);
			name = "[CP] Check Pods Manifest.lock";
			outputPaths = (
				"$(DERIVED_FILE_DIR)/Pods-GlucoCounter-checkManifestLockResult.txt",
			);
			runOnlyForDeploymentPostprocessing = 0;
			shellPath = /bin/sh;
			shellScript = "diff \"${PODS_PODFILE_DIR_PATH}/Podfile.lock\" \"${PODS_ROOT}/Manifest.lock\" > /dev/null\nif [ $? != 0 ] ; then\n    # print error to STDERR\n    echo \"error: The sandbox is not in sync with the Podfile.lock. Run 'pod install' or update your CocoaPods installation.\" >&2\n    exit 1\nfi\n# This output is used by Xcode 'outputs' to avoid re-running this script phase.\necho \"SUCCESS\" > \"${SCRIPT_OUTPUT_FILE_0}\"\n";
			showEnvVarsInLog = 0;
		};
/* End PBXShellScriptBuildPhase section */

/* Begin PBXSourcesBuildPhase section */
		2F84D73D1F5C42070006475C /* Sources */ = {
			isa = PBXSourcesBuildPhase;
			buildActionMask = 2147483647;
			files = (
				8FE06B7A215C053000E56675 /* FoodItemMO+CoreDataProperties.swift in Sources */,
				8FE06B7D215C054200E56675 /* FoodListMO+CoreDataClass.swift in Sources */,
				8FE06B7E215C054200E56675 /* FoodListMO+CoreDataProperties.swift in Sources */,
				8FE06B79215C053000E56675 /* FoodItemMO+CoreDataClass.swift in Sources */,
				2F2CE6B720D4F8FA009C8642 /* UITextField+Extensions.swift in Sources */,
				8F39E749212896BA003802C1 /* AddListToFavoriteViewController.swift in Sources */,
				2F3AD66C1FC3760E00334C3B /* AddFoodView.swift in Sources */,
				2F3AD66A1FC36A6B00334C3B /* ItemTableViewCell.swift in Sources */,
				8F39E74721288CBC003802C1 /* FavoritesMenusViewController.swift in Sources */,
				8FFFA6172118E353002C077D /* ACManager.swift in Sources */,
				8FFFA6152118D341002C077D /* DBManager.swift in Sources */,
				2F84D7471F5C42070006475C /* CurrentMenuViewController.swift in Sources */,
				8F39E74521285A5B003802C1 /* ResultDiabetValues.swift in Sources */,
				2F84D7451F5C42070006475C /* AppDelegate.swift in Sources */,
				8FC81F0521219B4F00D6ACFB /* ListManager.swift in Sources */,
				8FAF89F421750660005B1D05 /* GlucoCounter.xcdatamodeld in Sources */,
				2F52BE4D1FC37A920072A7CA /* AddFoodViewController.swift in Sources */,
			);
			runOnlyForDeploymentPostprocessing = 0;
		};
/* End PBXSourcesBuildPhase section */

/* Begin PBXVariantGroup section */
		2F84D7481F5C42070006475C /* Main.storyboard */ = {
			isa = PBXVariantGroup;
			children = (
				2F84D7491F5C42070006475C /* Base */,
			);
			name = Main.storyboard;
			sourceTree = "<group>";
		};
		2F84D7501F5C42070006475C /* LaunchScreen.storyboard */ = {
			isa = PBXVariantGroup;
			children = (
				2F84D7511F5C42070006475C /* Base */,
			);
			name = LaunchScreen.storyboard;
			sourceTree = "<group>";
		};
/* End PBXVariantGroup section */

/* Begin XCBuildConfiguration section */
		2F84D75F1F5C42070006475C /* Debug */ = {
			isa = XCBuildConfiguration;
			buildSettings = {
				ALWAYS_SEARCH_USER_PATHS = NO;
				CLANG_ANALYZER_NONNULL = YES;
				CLANG_CXX_LANGUAGE_STANDARD = "gnu++0x";
				CLANG_CXX_LIBRARY = "libc++";
				CLANG_ENABLE_MODULES = YES;
				CLANG_ENABLE_OBJC_ARC = YES;
				CLANG_WARN_BLOCK_CAPTURE_AUTORELEASING = YES;
				CLANG_WARN_BOOL_CONVERSION = YES;
				CLANG_WARN_COMMA = YES;
				CLANG_WARN_CONSTANT_CONVERSION = YES;
				CLANG_WARN_DEPRECATED_OBJC_IMPLEMENTATIONS = YES;
				CLANG_WARN_DIRECT_OBJC_ISA_USAGE = YES_ERROR;
				CLANG_WARN_DOCUMENTATION_COMMENTS = YES;
				CLANG_WARN_EMPTY_BODY = YES;
				CLANG_WARN_ENUM_CONVERSION = YES;
				CLANG_WARN_INFINITE_RECURSION = YES;
				CLANG_WARN_INT_CONVERSION = YES;
				CLANG_WARN_NON_LITERAL_NULL_CONVERSION = YES;
				CLANG_WARN_OBJC_IMPLICIT_RETAIN_SELF = YES;
				CLANG_WARN_OBJC_LITERAL_CONVERSION = YES;
				CLANG_WARN_OBJC_ROOT_CLASS = YES_ERROR;
				CLANG_WARN_RANGE_LOOP_ANALYSIS = YES;
				CLANG_WARN_STRICT_PROTOTYPES = YES;
				CLANG_WARN_SUSPICIOUS_MOVE = YES;
				CLANG_WARN_SUSPICIOUS_MOVES = YES;
				CLANG_WARN_UNREACHABLE_CODE = YES;
				CLANG_WARN__DUPLICATE_METHOD_MATCH = YES;
				"CODE_SIGN_IDENTITY[sdk=iphoneos*]" = "iPhone Developer";
				COPY_PHASE_STRIP = NO;
				DEBUG_INFORMATION_FORMAT = dwarf;
				ENABLE_STRICT_OBJC_MSGSEND = YES;
				ENABLE_TESTABILITY = YES;
				GCC_C_LANGUAGE_STANDARD = gnu99;
				GCC_DYNAMIC_NO_PIC = NO;
				GCC_NO_COMMON_BLOCKS = YES;
				GCC_OPTIMIZATION_LEVEL = 0;
				GCC_PREPROCESSOR_DEFINITIONS = (
					"DEBUG=1",
					"$(inherited)",
				);
				GCC_WARN_64_TO_32_BIT_CONVERSION = YES;
				GCC_WARN_ABOUT_RETURN_TYPE = YES_ERROR;
				GCC_WARN_UNDECLARED_SELECTOR = YES;
				GCC_WARN_UNINITIALIZED_AUTOS = YES_AGGRESSIVE;
				GCC_WARN_UNUSED_FUNCTION = YES;
				GCC_WARN_UNUSED_VARIABLE = YES;
				IPHONEOS_DEPLOYMENT_TARGET = 10.3;
				MTL_ENABLE_DEBUG_INFO = YES;
				ONLY_ACTIVE_ARCH = YES;
				SDKROOT = iphoneos;
				SWIFT_ACTIVE_COMPILATION_CONDITIONS = DEBUG;
				SWIFT_OPTIMIZATION_LEVEL = "-Onone";
				TARGETED_DEVICE_FAMILY = "1,2";
			};
			name = Debug;
		};
		2F84D7601F5C42070006475C /* Release */ = {
			isa = XCBuildConfiguration;
			buildSettings = {
				ALWAYS_SEARCH_USER_PATHS = NO;
				CLANG_ANALYZER_NONNULL = YES;
				CLANG_CXX_LANGUAGE_STANDARD = "gnu++0x";
				CLANG_CXX_LIBRARY = "libc++";
				CLANG_ENABLE_MODULES = YES;
				CLANG_ENABLE_OBJC_ARC = YES;
				CLANG_WARN_BLOCK_CAPTURE_AUTORELEASING = YES;
				CLANG_WARN_BOOL_CONVERSION = YES;
				CLANG_WARN_COMMA = YES;
				CLANG_WARN_CONSTANT_CONVERSION = YES;
				CLANG_WARN_DEPRECATED_OBJC_IMPLEMENTATIONS = YES;
				CLANG_WARN_DIRECT_OBJC_ISA_USAGE = YES_ERROR;
				CLANG_WARN_DOCUMENTATION_COMMENTS = YES;
				CLANG_WARN_EMPTY_BODY = YES;
				CLANG_WARN_ENUM_CONVERSION = YES;
				CLANG_WARN_INFINITE_RECURSION = YES;
				CLANG_WARN_INT_CONVERSION = YES;
				CLANG_WARN_NON_LITERAL_NULL_CONVERSION = YES;
				CLANG_WARN_OBJC_IMPLICIT_RETAIN_SELF = YES;
				CLANG_WARN_OBJC_LITERAL_CONVERSION = YES;
				CLANG_WARN_OBJC_ROOT_CLASS = YES_ERROR;
				CLANG_WARN_RANGE_LOOP_ANALYSIS = YES;
				CLANG_WARN_STRICT_PROTOTYPES = YES;
				CLANG_WARN_SUSPICIOUS_MOVE = YES;
				CLANG_WARN_SUSPICIOUS_MOVES = YES;
				CLANG_WARN_UNREACHABLE_CODE = YES;
				CLANG_WARN__DUPLICATE_METHOD_MATCH = YES;
				"CODE_SIGN_IDENTITY[sdk=iphoneos*]" = "iPhone Developer";
				COPY_PHASE_STRIP = NO;
				DEBUG_INFORMATION_FORMAT = "dwarf-with-dsym";
				ENABLE_NS_ASSERTIONS = NO;
				ENABLE_STRICT_OBJC_MSGSEND = YES;
				GCC_C_LANGUAGE_STANDARD = gnu99;
				GCC_NO_COMMON_BLOCKS = YES;
				GCC_WARN_64_TO_32_BIT_CONVERSION = YES;
				GCC_WARN_ABOUT_RETURN_TYPE = YES_ERROR;
				GCC_WARN_UNDECLARED_SELECTOR = YES;
				GCC_WARN_UNINITIALIZED_AUTOS = YES_AGGRESSIVE;
				GCC_WARN_UNUSED_FUNCTION = YES;
				GCC_WARN_UNUSED_VARIABLE = YES;
				IPHONEOS_DEPLOYMENT_TARGET = 10.3;
				MTL_ENABLE_DEBUG_INFO = NO;
				SDKROOT = iphoneos;
				SWIFT_OPTIMIZATION_LEVEL = "-Owholemodule";
				TARGETED_DEVICE_FAMILY = "1,2";
				VALIDATE_PRODUCT = YES;
			};
			name = Release;
		};
		2F84D7621F5C42070006475C /* Debug */ = {
			isa = XCBuildConfiguration;
			baseConfigurationReference = 117031E52DEA4405A1E9C7EF /* Pods-GlucoCounter.debug.xcconfig */;
			buildSettings = {
				ASSETCATALOG_COMPILER_APPICON_NAME = AppIcon;
				DEVELOPMENT_TEAM = D8H2B6F94P;
				ENABLE_TESTABILITY = YES;
				INFOPLIST_FILE = GlucoCounter/Info.plist;
				IPHONEOS_DEPLOYMENT_TARGET = 10.3;
				LD_RUNPATH_SEARCH_PATHS = "$(inherited) @executable_path/Frameworks";
				PRODUCT_BUNDLE_IDENTIFIER = GuizDream.GlucoCounter;
				PRODUCT_NAME = "$(TARGET_NAME)";
				SWIFT_VERSION = 3.0;
			};
			name = Debug;
		};
		2F84D7631F5C42070006475C /* Release */ = {
			isa = XCBuildConfiguration;
			baseConfigurationReference = 7ABDFB5CBB61918AC95B60C9 /* Pods-GlucoCounter.release.xcconfig */;
			buildSettings = {
				ASSETCATALOG_COMPILER_APPICON_NAME = AppIcon;
				DEVELOPMENT_TEAM = D8H2B6F94P;
				ENABLE_TESTABILITY = YES;
				INFOPLIST_FILE = GlucoCounter/Info.plist;
				IPHONEOS_DEPLOYMENT_TARGET = 10.3;
				LD_RUNPATH_SEARCH_PATHS = "$(inherited) @executable_path/Frameworks";
				PRODUCT_BUNDLE_IDENTIFIER = GuizDream.GlucoCounter;
				PRODUCT_NAME = "$(TARGET_NAME)";
				SWIFT_VERSION = 3.0;
			};
			name = Release;
		};
/* End XCBuildConfiguration section */

/* Begin XCConfigurationList section */
		2F84D73C1F5C42070006475C /* Build configuration list for PBXProject "GlucoCounter" */ = {
			isa = XCConfigurationList;
			buildConfigurations = (
				2F84D75F1F5C42070006475C /* Debug */,
				2F84D7601F5C42070006475C /* Release */,
			);
			defaultConfigurationIsVisible = 0;
			defaultConfigurationName = Release;
		};
		2F84D7611F5C42070006475C /* Build configuration list for PBXNativeTarget "GlucoCounter" */ = {
			isa = XCConfigurationList;
			buildConfigurations = (
				2F84D7621F5C42070006475C /* Debug */,
				2F84D7631F5C42070006475C /* Release */,
			);
			defaultConfigurationIsVisible = 0;
			defaultConfigurationName = Release;
		};
/* End XCConfigurationList section */

/* Begin XCVersionGroup section */
		8FAF89F221750660005B1D05 /* GlucoCounter.xcdatamodeld */ = {
			isa = XCVersionGroup;
			children = (
				8FAF89F321750660005B1D05 /* GlucoCounter.xcdatamodel */,
			);
			currentVersion = 8FAF89F321750660005B1D05 /* GlucoCounter.xcdatamodel */;
			path = GlucoCounter.xcdatamodeld;
			sourceTree = "<group>";
			versionGroupType = wrapper.xcdatamodel;
		};
/* End XCVersionGroup section */
	};
	rootObject = 2F84D7391F5C42070006475C /* Project object */;
}
